// !$*UTF8*$!
{
	archiveVersion = 1;
	classes = {
	};
	objectVersion = 56;
	objects = {

/* Begin PBXBuildFile section */
		E6E15C992C3AB02600C99CBB /* Apple_FrameworksApp.swift in Sources */ = {isa = PBXBuildFile; fileRef = E6E15C982C3AB02600C99CBB /* Apple_FrameworksApp.swift */; };
		E6E15C9D2C3AB02800C99CBB /* Assets.xcassets in Resources */ = {isa = PBXBuildFile; fileRef = E6E15C9C2C3AB02800C99CBB /* Assets.xcassets */; };
		E6E15CA12C3AB02800C99CBB /* Preview Assets.xcassets in Resources */ = {isa = PBXBuildFile; fileRef = E6E15CA02C3AB02800C99CBB /* Preview Assets.xcassets */; };
		E6E15CA82C3AB2AF00C99CBB /* Framework.swift in Sources */ = {isa = PBXBuildFile; fileRef = E6E15CA72C3AB2AF00C99CBB /* Framework.swift */; };
		E6E15CAA2C3AB46100C99CBB /* FrameworkGridView.swift in Sources */ = {isa = PBXBuildFile; fileRef = E6E15CA92C3AB46100C99CBB /* FrameworkGridView.swift */; };
		E6E15CAC2C3AD54B00C99CBB /* FrameworkTitleView.swift in Sources */ = {isa = PBXBuildFile; fileRef = E6E15CAB2C3AD54B00C99CBB /* FrameworkTitleView.swift */; };
		E6E15CB02C3AD8B600C99CBB /* FrameworkDetailView.swift in Sources */ = {isa = PBXBuildFile; fileRef = E6E15CAF2C3AD8B600C99CBB /* FrameworkDetailView.swift */; };
		E6E15CB22C3ADD2000C99CBB /* AFButton.swift in Sources */ = {isa = PBXBuildFile; fileRef = E6E15CB12C3ADD2000C99CBB /* AFButton.swift */; };
		E6E15CB42C3B201B00C99CBB /* FrameWorkGridViewModel.swift in Sources */ = {isa = PBXBuildFile; fileRef = E6E15CB32C3B201B00C99CBB /* FrameWorkGridViewModel.swift */; };
		E6E15CB62C3C01C700C99CBB /* SafariView.swift in Sources */ = {isa = PBXBuildFile; fileRef = E6E15CB52C3C01C700C99CBB /* SafariView.swift */; };
/* End PBXBuildFile section */

/* Begin PBXFileReference section */
		E6E15C952C3AB02600C99CBB /* Apple-Frameworks.app */ = {isa = PBXFileReference; explicitFileType = wrapper.application; includeInIndex = 0; path = "Apple-Frameworks.app"; sourceTree = BUILT_PRODUCTS_DIR; };
		E6E15C982C3AB02600C99CBB /* Apple_FrameworksApp.swift */ = {isa = PBXFileReference; lastKnownFileType = sourcecode.swift; path = Apple_FrameworksApp.swift; sourceTree = "<group>"; };
		E6E15C9C2C3AB02800C99CBB /* Assets.xcassets */ = {isa = PBXFileReference; lastKnownFileType = folder.assetcatalog; path = Assets.xcassets; sourceTree = "<group>"; };
		E6E15C9E2C3AB02800C99CBB /* Apple_Frameworks.entitlements */ = {isa = PBXFileReference; lastKnownFileType = text.plist.entitlements; path = Apple_Frameworks.entitlements; sourceTree = "<group>"; };
		E6E15CA02C3AB02800C99CBB /* Preview Assets.xcassets */ = {isa = PBXFileReference; lastKnownFileType = folder.assetcatalog; path = "Preview Assets.xcassets"; sourceTree = "<group>"; };
		E6E15CA72C3AB2AF00C99CBB /* Framework.swift */ = {isa = PBXFileReference; lastKnownFileType = sourcecode.swift; path = Framework.swift; sourceTree = "<group>"; };
		E6E15CA92C3AB46100C99CBB /* FrameworkGridView.swift */ = {isa = PBXFileReference; lastKnownFileType = sourcecode.swift; path = FrameworkGridView.swift; sourceTree = "<group>"; };
		E6E15CAB2C3AD54B00C99CBB /* FrameworkTitleView.swift */ = {isa = PBXFileReference; lastKnownFileType = sourcecode.swift; path = FrameworkTitleView.swift; sourceTree = "<group>"; };
		E6E15CAF2C3AD8B600C99CBB /* FrameworkDetailView.swift */ = {isa = PBXFileReference; lastKnownFileType = sourcecode.swift; path = FrameworkDetailView.swift; sourceTree = "<group>"; };
		E6E15CB12C3ADD2000C99CBB /* AFButton.swift */ = {isa = PBXFileReference; lastKnownFileType = sourcecode.swift; path = AFButton.swift; sourceTree = "<group>"; };
		E6E15CB32C3B201B00C99CBB /* FrameWorkGridViewModel.swift */ = {isa = PBXFileReference; lastKnownFileType = sourcecode.swift; path = FrameWorkGridViewModel.swift; sourceTree = "<group>"; };
		E6E15CB52C3C01C700C99CBB /* SafariView.swift */ = {isa = PBXFileReference; lastKnownFileType = sourcecode.swift; path = SafariView.swift; sourceTree = "<group>"; };
/* End PBXFileReference section */

/* Begin PBXFrameworksBuildPhase section */
		E6E15C922C3AB02600C99CBB /* Frameworks */ = {
			isa = PBXFrameworksBuildPhase;
			buildActionMask = 2147483647;
			files = (
			);
			runOnlyForDeploymentPostprocessing = 0;
		};
/* End PBXFrameworksBuildPhase section */

/* Begin PBXGroup section */
		E6E15C8C2C3AB02600C99CBB = {
			isa = PBXGroup;
			children = (
				E6E15C972C3AB02600C99CBB /* Apple-Frameworks */,
				E6E15C962C3AB02600C99CBB /* Products */,
			);
			sourceTree = "<group>";
		};
		E6E15C962C3AB02600C99CBB /* Products */ = {
			isa = PBXGroup;
			children = (
				E6E15C952C3AB02600C99CBB /* Apple-Frameworks.app */,
			);
			name = Products;
			sourceTree = "<group>";
		};
		E6E15C972C3AB02600C99CBB /* Apple-Frameworks */ = {
			isa = PBXGroup;
			children = (
				E6E15CC02C3C59CE00C99CBB /* UIKit Components */,
				E6E15CBD2C3C597C00C99CBB /* Views */,
				E6E15CBC2C3C597000C99CBB /* Model */,
				E6E15CB92C3C592300C99CBB /* Screens */,
				E6E15C982C3AB02600C99CBB /* Apple_FrameworksApp.swift */,
				E6E15C9C2C3AB02800C99CBB /* Assets.xcassets */,
				E6E15C9E2C3AB02800C99CBB /* Apple_Frameworks.entitlements */,
				E6E15C9F2C3AB02800C99CBB /* Preview Content */,
			);
			path = "Apple-Frameworks";
			sourceTree = "<group>";
		};
		E6E15C9F2C3AB02800C99CBB /* Preview Content */ = {
			isa = PBXGroup;
			children = (
				E6E15CA02C3AB02800C99CBB /* Preview Assets.xcassets */,
			);
			path = "Preview Content";
			sourceTree = "<group>";
		};
		E6E15CB92C3C592300C99CBB /* Screens */ = {
			isa = PBXGroup;
			children = (
				E6E15CBB2C3C594400C99CBB /* FrameworkDetailView */,
				E6E15CBA2C3C592F00C99CBB /* FrameworkGridView */,
			);
			path = Screens;
			sourceTree = "<group>";
		};
		E6E15CBA2C3C592F00C99CBB /* FrameworkGridView */ = {
			isa = PBXGroup;
			children = (
				E6E15CA92C3AB46100C99CBB /* FrameworkGridView.swift */,
				E6E15CB32C3B201B00C99CBB /* FrameWorkGridViewModel.swift */,
			);
			path = FrameworkGridView;
			sourceTree = "<group>";
		};
		E6E15CBB2C3C594400C99CBB /* FrameworkDetailView */ = {
			isa = PBXGroup;
			children = (
				E6E15CAF2C3AD8B600C99CBB /* FrameworkDetailView.swift */,
			);
			path = FrameworkDetailView;
			sourceTree = "<group>";
		};
		E6E15CBC2C3C597000C99CBB /* Model */ = {
			isa = PBXGroup;
			children = (
				E6E15CA72C3AB2AF00C99CBB /* Framework.swift */,
			);
			path = Model;
			sourceTree = "<group>";
		};
		E6E15CBD2C3C597C00C99CBB /* Views */ = {
			isa = PBXGroup;
			children = (
				E6E15CBF2C3C59AA00C99CBB /* View */,
				E6E15CBE2C3C598300C99CBB /* Buttons */,
			);
			path = Views;
			sourceTree = "<group>";
		};
		E6E15CBE2C3C598300C99CBB /* Buttons */ = {
			isa = PBXGroup;
			children = (
				E6E15CB12C3ADD2000C99CBB /* AFButton.swift */,
			);
			path = Buttons;
			sourceTree = "<group>";
		};
		E6E15CBF2C3C59AA00C99CBB /* View */ = {
			isa = PBXGroup;
			children = (
				E6E15CAB2C3AD54B00C99CBB /* FrameworkTitleView.swift */,
			);
			path = View;
			sourceTree = "<group>";
		};
		E6E15CC02C3C59CE00C99CBB /* UIKit Components */ = {
			isa = PBXGroup;
			children = (
				E6E15CB52C3C01C700C99CBB /* SafariView.swift */,
			);
			path = "UIKit Components";
			sourceTree = "<group>";
		};
/* End PBXGroup section */

/* Begin PBXNativeTarget section */
		E6E15C942C3AB02600C99CBB /* Apple-Frameworks */ = {
			isa = PBXNativeTarget;
			buildConfigurationList = E6E15CA42C3AB02800C99CBB /* Build configuration list for PBXNativeTarget "Apple-Frameworks" */;
			buildPhases = (
				E6E15C912C3AB02600C99CBB /* Sources */,
				E6E15C922C3AB02600C99CBB /* Frameworks */,
				E6E15C932C3AB02600C99CBB /* Resources */,
			);
			buildRules = (
			);
			dependencies = (
			);
			name = "Apple-Frameworks";
			productName = "Apple-Frameworks";
			productReference = E6E15C952C3AB02600C99CBB /* Apple-Frameworks.app */;
			productType = "com.apple.product-type.application";
		};
/* End PBXNativeTarget section */

/* Begin PBXProject section */
		E6E15C8D2C3AB02600C99CBB /* Project object */ = {
			isa = PBXProject;
			attributes = {
				BuildIndependentTargetsInParallel = 1;
				LastSwiftUpdateCheck = 1540;
				LastUpgradeCheck = 1540;
				TargetAttributes = {
					E6E15C942C3AB02600C99CBB = {
						CreatedOnToolsVersion = 15.4;
					};
				};
			};
			buildConfigurationList = E6E15C902C3AB02600C99CBB /* Build configuration list for PBXProject "Apple-Frameworks" */;
			compatibilityVersion = "Xcode 14.0";
			developmentRegion = en;
			hasScannedForEncodings = 0;
			knownRegions = (
				en,
				Base,
			);
			mainGroup = E6E15C8C2C3AB02600C99CBB;
			productRefGroup = E6E15C962C3AB02600C99CBB /* Products */;
			projectDirPath = "";
			projectRoot = "";
			targets = (
				E6E15C942C3AB02600C99CBB /* Apple-Frameworks */,
			);
		};
/* End PBXProject section */

/* Begin PBXResourcesBuildPhase section */
		E6E15C932C3AB02600C99CBB /* Resources */ = {
			isa = PBXResourcesBuildPhase;
			buildActionMask = 2147483647;
			files = (
				E6E15CA12C3AB02800C99CBB /* Preview Assets.xcassets in Resources */,
				E6E15C9D2C3AB02800C99CBB /* Assets.xcassets in Resources */,
			);
			runOnlyForDeploymentPostprocessing = 0;
		};
/* End PBXResourcesBuildPhase section */

/* Begin PBXSourcesBuildPhase section */
		E6E15C912C3AB02600C99CBB /* Sources */ = {
			isa = PBXSourcesBuildPhase;
			buildActionMask = 2147483647;
			files = (
				E6E15CAA2C3AB46100C99CBB /* FrameworkGridView.swift in Sources */,
				E6E15CB02C3AD8B600C99CBB /* FrameworkDetailView.swift in Sources */,
				E6E15CB42C3B201B00C99CBB /* FrameWorkGridViewModel.swift in Sources */,
				E6E15CA82C3AB2AF00C99CBB /* Framework.swift in Sources */,
				E6E15CB62C3C01C700C99CBB /* SafariView.swift in Sources */,
				E6E15CAC2C3AD54B00C99CBB /* FrameworkTitleView.swift in Sources */,
				E6E15CB22C3ADD2000C99CBB /* AFButton.swift in Sources */,
				E6E15C992C3AB02600C99CBB /* Apple_FrameworksApp.swift in Sources */,
			);
			runOnlyForDeploymentPostprocessing = 0;
		};
/* End PBXSourcesBuildPhase section */

/* Begin XCBuildConfiguration section */
		E6E15CA22C3AB02800C99CBB /* Debug */ = {
			isa = XCBuildConfiguration;
			buildSettings = {
				ALWAYS_SEARCH_USER_PATHS = NO;
				ASSETCATALOG_COMPILER_GENERATE_SWIFT_ASSET_SYMBOL_EXTENSIONS = YES;
				CLANG_ANALYZER_NONNULL = YES;
				CLANG_ANALYZER_NUMBER_OBJECT_CONVERSION = YES_AGGRESSIVE;
				CLANG_CXX_LANGUAGE_STANDARD = "gnu++20";
				CLANG_ENABLE_MODULES = YES;
				CLANG_ENABLE_OBJC_ARC = YES;
				CLANG_ENABLE_OBJC_WEAK = YES;
				CLANG_WARN_BLOCK_CAPTURE_AUTORELEASING = YES;
				CLANG_WARN_BOOL_CONVERSION = YES;
				CLANG_WARN_COMMA = YES;
				CLANG_WARN_CONSTANT_CONVERSION = YES;
				CLANG_WARN_DEPRECATED_OBJC_IMPLEMENTATIONS = YES;
				CLANG_WARN_DIRECT_OBJC_ISA_USAGE = YES_ERROR;
				CLANG_WARN_DOCUMENTATION_COMMENTS = YES;
				CLANG_WARN_EMPTY_BODY = YES;
				CLANG_WARN_ENUM_CONVERSION = YES;
				CLANG_WARN_INFINITE_RECURSION = YES;
				CLANG_WARN_INT_CONVERSION = YES;
				CLANG_WARN_NON_LITERAL_NULL_CONVERSION = YES;
				CLANG_WARN_OBJC_IMPLICIT_RETAIN_SELF = YES;
				CLANG_WARN_OBJC_LITERAL_CONVERSION = YES;
				CLANG_WARN_OBJC_ROOT_CLASS = YES_ERROR;
				CLANG_WARN_QUOTED_INCLUDE_IN_FRAMEWORK_HEADER = YES;
				CLANG_WARN_RANGE_LOOP_ANALYSIS = YES;
				CLANG_WARN_STRICT_PROTOTYPES = YES;
				CLANG_WARN_SUSPICIOUS_MOVE = YES;
				CLANG_WARN_UNGUARDED_AVAILABILITY = YES_AGGRESSIVE;
				CLANG_WARN_UNREACHABLE_CODE = YES;
				CLANG_WARN__DUPLICATE_METHOD_MATCH = YES;
				COPY_PHASE_STRIP = NO;
				DEBUG_INFORMATION_FORMAT = dwarf;
				ENABLE_STRICT_OBJC_MSGSEND = YES;
				ENABLE_TESTABILITY = YES;
				ENABLE_USER_SCRIPT_SANDBOXING = YES;
				GCC_C_LANGUAGE_STANDARD = gnu17;
				GCC_DYNAMIC_NO_PIC = NO;
				GCC_NO_COMMON_BLOCKS = YES;
				GCC_OPTIMIZATION_LEVEL = 0;
				GCC_PREPROCESSOR_DEFINITIONS = (
					"DEBUG=1",
					"$(inherited)",
				);
				GCC_WARN_64_TO_32_BIT_CONVERSION = YES;
				GCC_WARN_ABOUT_RETURN_TYPE = YES_ERROR;
				GCC_WARN_UNDECLARED_SELECTOR = YES;
				GCC_WARN_UNINITIALIZED_AUTOS = YES_AGGRESSIVE;
				GCC_WARN_UNUSED_FUNCTION = YES;
				GCC_WARN_UNUSED_VARIABLE = YES;
				LOCALIZATION_PREFERS_STRING_CATALOGS = YES;
				MTL_ENABLE_DEBUG_INFO = INCLUDE_SOURCE;
				MTL_FAST_MATH = YES;
				ONLY_ACTIVE_ARCH = YES;
				SWIFT_ACTIVE_COMPILATION_CONDITIONS = "DEBUG $(inherited)";
				SWIFT_OPTIMIZATION_LEVEL = "-Onone";
			};
			name = Debug;
		};
		E6E15CA32C3AB02800C99CBB /* Release */ = {
			isa = XCBuildConfiguration;
			buildSettings = {
				ALWAYS_SEARCH_USER_PATHS = NO;
				ASSETCATALOG_COMPILER_GENERATE_SWIFT_ASSET_SYMBOL_EXTENSIONS = YES;
				CLANG_ANALYZER_NONNULL = YES;
				CLANG_ANALYZER_NUMBER_OBJECT_CONVERSION = YES_AGGRESSIVE;
				CLANG_CXX_LANGUAGE_STANDARD = "gnu++20";
				CLANG_ENABLE_MODULES = YES;
				CLANG_ENABLE_OBJC_ARC = YES;
				CLANG_ENABLE_OBJC_WEAK = YES;
				CLANG_WARN_BLOCK_CAPTURE_AUTORELEASING = YES;
				CLANG_WARN_BOOL_CONVERSION = YES;
				CLANG_WARN_COMMA = YES;
				CLANG_WARN_CONSTANT_CONVERSION = YES;
				CLANG_WARN_DEPRECATED_OBJC_IMPLEMENTATIONS = YES;
				CLANG_WARN_DIRECT_OBJC_ISA_USAGE = YES_ERROR;
				CLANG_WARN_DOCUMENTATION_COMMENTS = YES;
				CLANG_WARN_EMPTY_BODY = YES;
				CLANG_WARN_ENUM_CONVERSION = YES;
				CLANG_WARN_INFINITE_RECURSION = YES;
				CLANG_WARN_INT_CONVERSION = YES;
				CLANG_WARN_NON_LITERAL_NULL_CONVERSION = YES;
				CLANG_WARN_OBJC_IMPLICIT_RETAIN_SELF = YES;
				CLANG_WARN_OBJC_LITERAL_CONVERSION = YES;
				CLANG_WARN_OBJC_ROOT_CLASS = YES_ERROR;
				CLANG_WARN_QUOTED_INCLUDE_IN_FRAMEWORK_HEADER = YES;
				CLANG_WARN_RANGE_LOOP_ANALYSIS = YES;
				CLANG_WARN_STRICT_PROTOTYPES = YES;
				CLANG_WARN_SUSPICIOUS_MOVE = YES;
				CLANG_WARN_UNGUARDED_AVAILABILITY = YES_AGGRESSIVE;
				CLANG_WARN_UNREACHABLE_CODE = YES;
				CLANG_WARN__DUPLICATE_METHOD_MATCH = YES;
				COPY_PHASE_STRIP = NO;
				DEBUG_INFORMATION_FORMAT = "dwarf-with-dsym";
				ENABLE_NS_ASSERTIONS = NO;
				ENABLE_STRICT_OBJC_MSGSEND = YES;
				ENABLE_USER_SCRIPT_SANDBOXING = YES;
				GCC_C_LANGUAGE_STANDARD = gnu17;
				GCC_NO_COMMON_BLOCKS = YES;
				GCC_WARN_64_TO_32_BIT_CONVERSION = YES;
				GCC_WARN_ABOUT_RETURN_TYPE = YES_ERROR;
				GCC_WARN_UNDECLARED_SELECTOR = YES;
				GCC_WARN_UNINITIALIZED_AUTOS = YES_AGGRESSIVE;
				GCC_WARN_UNUSED_FUNCTION = YES;
				GCC_WARN_UNUSED_VARIABLE = YES;
				LOCALIZATION_PREFERS_STRING_CATALOGS = YES;
				MTL_ENABLE_DEBUG_INFO = NO;
				MTL_FAST_MATH = YES;
				SWIFT_COMPILATION_MODE = wholemodule;
			};
			name = Release;
		};
		E6E15CA52C3AB02800C99CBB /* Debug */ = {
			isa = XCBuildConfiguration;
			buildSettings = {
				ASSETCATALOG_COMPILER_APPICON_NAME = AppIcon;
				ASSETCATALOG_COMPILER_GLOBAL_ACCENT_COLOR_NAME = AccentColor;
				CODE_SIGN_ENTITLEMENTS = "Apple-Frameworks/Apple_Frameworks.entitlements";
				CODE_SIGN_STYLE = Automatic;
				CURRENT_PROJECT_VERSION = 1;
				DEVELOPMENT_ASSET_PATHS = "\"Apple-Frameworks/Preview Content\"";
				DEVELOPMENT_TEAM = TP7MZJ6DK2;
				ENABLE_HARDENED_RUNTIME = YES;
				ENABLE_PREVIEWS = YES;
				GENERATE_INFOPLIST_FILE = YES;
				"INFOPLIST_KEY_UIApplicationSceneManifest_Generation[sdk=iphoneos*]" = YES;
				"INFOPLIST_KEY_UIApplicationSceneManifest_Generation[sdk=iphonesimulator*]" = YES;
				"INFOPLIST_KEY_UIApplicationSupportsIndirectInputEvents[sdk=iphoneos*]" = YES;
				"INFOPLIST_KEY_UIApplicationSupportsIndirectInputEvents[sdk=iphonesimulator*]" = YES;
				"INFOPLIST_KEY_UILaunchScreen_Generation[sdk=iphoneos*]" = YES;
				"INFOPLIST_KEY_UILaunchScreen_Generation[sdk=iphonesimulator*]" = YES;
				"INFOPLIST_KEY_UIStatusBarStyle[sdk=iphoneos*]" = UIStatusBarStyleDefault;
				"INFOPLIST_KEY_UIStatusBarStyle[sdk=iphonesimulator*]" = UIStatusBarStyleDefault;
				INFOPLIST_KEY_UISupportedInterfaceOrientations_iPad = "UIInterfaceOrientationPortrait UIInterfaceOrientationPortraitUpsideDown UIInterfaceOrientationLandscapeLeft UIInterfaceOrientationLandscapeRight";
				INFOPLIST_KEY_UISupportedInterfaceOrientations_iPhone = "UIInterfaceOrientationPortrait UIInterfaceOrientationLandscapeLeft UIInterfaceOrientationLandscapeRight";
				IPHONEOS_DEPLOYMENT_TARGET = 17.5;
				LD_RUNPATH_SEARCH_PATHS = "@executable_path/Frameworks";
				"LD_RUNPATH_SEARCH_PATHS[sdk=macosx*]" = "@executable_path/../Frameworks";
				MACOSX_DEPLOYMENT_TARGET = 14.5;
				MARKETING_VERSION = 1.0;
				PRODUCT_BUNDLE_IDENTIFIER = "shamil.kammaev.Apple-Frameworks";
				PRODUCT_NAME = "$(TARGET_NAME)";
				SDKROOT = iphoneos;
				SUPPORTED_PLATFORMS = "iphonesimulator iphoneos";
				SWIFT_EMIT_LOC_STRINGS = YES;
				SWIFT_VERSION = 5.0;
				TARGETED_DEVICE_FAMILY = "1,2";
			};
			name = Debug;
		};
		E6E15CA62C3AB02800C99CBB /* Release */ = {
			isa = XCBuildConfiguration;
			buildSettings = {
				ASSETCATALOG_COMPILER_APPICON_NAME = AppIcon;
				ASSETCATALOG_COMPILER_GLOBAL_ACCENT_COLOR_NAME = AccentColor;
				CODE_SIGN_ENTITLEMENTS = "Apple-Frameworks/Apple_Frameworks.entitlements";
				CODE_SIGN_STYLE = Automatic;
				CURRENT_PROJECT_VERSION = 1;
				DEVELOPMENT_ASSET_PATHS = "\"Apple-Frameworks/Preview Content\"";
				DEVELOPMENT_TEAM = TP7MZJ6DK2;
				ENABLE_HARDENED_RUNTIME = YES;
				ENABLE_PREVIEWS = YES;
				GENERATE_INFOPLIST_FILE = YES;
				"INFOPLIST_KEY_UIApplicationSceneManifest_Generation[sdk=iphoneos*]" = YES;
				"INFOPLIST_KEY_UIApplicationSceneManifest_Generation[sdk=iphonesimulator*]" = YES;
				"INFOPLIST_KEY_UIApplicationSupportsIndirectInputEvents[sdk=iphoneos*]" = YES;
				"INFOPLIST_KEY_UIApplicationSupportsIndirectInputEvents[sdk=iphonesimulator*]" = YES;
				"INFOPLIST_KEY_UILaunchScreen_Generation[sdk=iphoneos*]" = YES;
				"INFOPLIST_KEY_UILaunchScreen_Generation[sdk=iphonesimulator*]" = YES;
				"INFOPLIST_KEY_UIStatusBarStyle[sdk=iphoneos*]" = UIStatusBarStyleDefault;
				"INFOPLIST_KEY_UIStatusBarStyle[sdk=iphonesimulator*]" = UIStatusBarStyleDefault;
				INFOPLIST_KEY_UISupportedInterfaceOrientations_iPad = "UIInterfaceOrientationPortrait UIInterfaceOrientationPortraitUpsideDown UIInterfaceOrientationLandscapeLeft UIInterfaceOrientationLandscapeRight";
				INFOPLIST_KEY_UISupportedInterfaceOrientations_iPhone = "UIInterfaceOrientationPortrait UIInterfaceOrientationLandscapeLeft UIInterfaceOrientationLandscapeRight";
				IPHONEOS_DEPLOYMENT_TARGET = 17.5;
				LD_RUNPATH_SEARCH_PATHS = "@executable_path/Frameworks";
				"LD_RUNPATH_SEARCH_PATHS[sdk=macosx*]" = "@executable_path/../Frameworks";
				MACOSX_DEPLOYMENT_TARGET = 14.5;
				MARKETING_VERSION = 1.0;
				PRODUCT_BUNDLE_IDENTIFIER = "shamil.kammaev.Apple-Frameworks";
				PRODUCT_NAME = "$(TARGET_NAME)";
				SDKROOT = iphoneos;
				SUPPORTED_PLATFORMS = "iphonesimulator iphoneos";
				SWIFT_EMIT_LOC_STRINGS = YES;
				SWIFT_VERSION = 5.0;
				TARGETED_DEVICE_FAMILY = "1,2";
			};
			name = Release;
		};
/* End XCBuildConfiguration section */

/* Begin XCConfigurationList section */
		E6E15C902C3AB02600C99CBB /* Build configuration list for PBXProject "Apple-Frameworks" */ = {
			isa = XCConfigurationList;
			buildConfigurations = (
				E6E15CA22C3AB02800C99CBB /* Debug */,
				E6E15CA32C3AB02800C99CBB /* Release */,
			);
			defaultConfigurationIsVisible = 0;
			defaultConfigurationName = Release;
		};
		E6E15CA42C3AB02800C99CBB /* Build configuration list for PBXNativeTarget "Apple-Frameworks" */ = {
			isa = XCConfigurationList;
			buildConfigurations = (
				E6E15CA52C3AB02800C99CBB /* Debug */,
				E6E15CA62C3AB02800C99CBB /* Release */,
			);
			defaultConfigurationIsVisible = 0;
			defaultConfigurationName = Release;
		};
/* End XCConfigurationList section */
	};
	rootObject = E6E15C8D2C3AB02600C99CBB /* Project object */;
}
